# This file is autogenerated, do not edit; changes may be undone by the next 'dep ensure'.


[[projects]]
  name = "github.com/ghodss/yaml"
  packages = ["."]
  revision = "0ca9ea5df5451ffdf184b4428c902747c2c11cd7"
  version = "v1.0.0"

[[projects]]
  name = "github.com/golang/protobuf"
  packages = ["proto","ptypes/any","ptypes/timestamp"]
  revision = "925541529c1fa6821df4e44ce2723319eb2be768"
  version = "v1.0.0"

[[projects]]
  name = "github.com/kubernetes/helm"
  packages = ["pkg/proto/hapi/chart"]
  revision = "6af75a8fd72e2aa18a2b278cfe5c7a1c5feca7f2"
  version = "v2.8.1"

[[projects]]
  name = "gopkg.in/yaml.v2"
  packages = ["."]
  revision = "5420a8b6744d3b0345ab293f6fcba19c978f1183"
  version = "v2.2.1"

[[projects]]
  name = "k8s.io/helm"
  packages = ["pkg/proto/hapi/chart"]
  revision = "a80231648a1473929271764b920a8e346f6de844"
  version = "v2.8.2"

[solve-meta]
  analyzer-name = "dep"
  analyzer-version = 1
  inputs-digest = "48537560ebb3749a7d8e3b49731855e81db40be068c7ae201d4831798822c34b"
  solver-name = "gps-cdcl"
  solver-version = 1
